<?xml version="1.0" encoding="utf-8"?>
<Project ToolsVersion="4.0" xmlns="http://schemas.microsoft.com/developer/msbuild/2003">
  <ItemGroup>
    <Filter Include="Source Files">
      <UniqueIdentifier>{4FC737F1-C7A5-4376-A066-2A32D752A2FF}</UniqueIdentifier>
      <Extensions>cpp;c;cc;cxx;c++;cppm;ixx;def;odl;idl;hpj;bat;asm;asmx</Extensions>
    </Filter>
    <Filter Include="Header Files">
      <UniqueIdentifier>{93995380-89BD-4b04-88EB-625FBE52EBFB}</UniqueIdentifier>
      <Extensions>h;hh;hpp;hxx;h++;hm;inl;inc;ipp;xsd</Extensions>
    </Filter>
    <Filter Include="Resource Files">
      <UniqueIdentifier>{67DA6AB6-F800-4c08-8B7A-83BB121AAD01}</UniqueIdentifier>
      <Extensions>rc;ico;cur;bmp;dlg;rc2;rct;bin;rgs;gif;jpg;jpeg;jpe;resx;tiff;tif;png;wav;mfcribbon-ms</Extensions>
    </Filter>
    <Filter Include="Level">
      <UniqueIdentifier>{c8763cd5-2011-4c70-898e-156a4f32a391}</UniqueIdentifier>
    </Filter>
  </ItemGroup>
  <ItemGroup>
    <ClCompile Include="gameLevel.h">
      <Filter>Level</Filter>
    </ClCompile>
    <ClCompile Include="gameLevel.cpp">
      <Filter>Level</Filter>
    </ClCompile>
    <ClCompile Include="game\spells\Mage\FireBallSpell.cpp">
      <Filter>Source Files</Filter>
    </ClCompile>
    <ClCompile Include="GameServer.cpp">
      <Filter>Source Files</Filter>
    </ClCompile>
    <ClCompile Include="game\spells\Mage\WallSpell.cpp">
      <Filter>Source Files</Filter>
    </ClCompile>
    <ClCompile Include="game\spells\Warrior\SmashHit.cpp">
      <Filter>Source Files</Filter>
    </ClCompile>
    <ClCompile Include="game\spells\Warrior\ShieldSpell.cpp">
      <Filter>Source Files</Filter>
    </ClCompile>
    <ClCompile Include="game\spells\Hunter\Shoot.cpp">
      <Filter>Source Files</Filter>
    </ClCompile>
    <ClCompile Include="game\spells\Hunter\StickyBombSpell.cpp">
      <Filter>Source Files</Filter>
    </ClCompile>
    <ClCompile Include="ReconnectionSession.cpp">
      <Filter>Source Files</Filter>
    </ClCompile>
    <ClCompile Include="Match.cpp">
      <Filter>Source Files</Filter>
    </ClCompile>
    <ClCompile Include="game\spells\Mage\TeleportSpell.cpp">
      <Filter>Source Files</Filter>
    </ClCompile>
    <ClCompile Include="game\spells\Hunter\GrappleSpell.cpp">
      <Filter>Source Files</Filter>
    </ClCompile>
    <ClCompile Include="game\spells\Warrior\PullHookSpell.cpp">
      <Filter>Source Files</Filter>
    </ClCompile>
    <ClCompile Include="game\entities\CharacterFactory.cpp">
      <Filter>Source Files</Filter>
    </ClCompile>
    <ClCompile Include="game\spells\Mage\IceballSpell.cpp">
      <Filter>Source Files</Filter>
    </ClCompile>
    <ClCompile Include="game\spells\Spell.cpp">
      <Filter>Source Files</Filter>
    </ClCompile>
    <ClCompile Include="game\spells\Mage\BlastWave.cpp">
      <Filter>Source Files</Filter>
    </ClCompile>
    <ClCompile Include="game\spells\Mage\Resonance Crystal.cpp">
      <Filter>Source Files</Filter>
    </ClCompile>
    <ClCompile Include="game\spells\Hunter\BindArrowSpell.cpp">
      <Filter>Source Files</Filter>
    </ClCompile>
    <ClCompile Include="game\spells\Warrior\ShieldBurst.cpp">
      <Filter>Source Files</Filter>
    </ClCompile>
    <ClCompile Include="sqlite3.c">
      <Filter>Source Files</Filter>
    </ClCompile>
    <ClCompile Include="game\spells\Warrior\ShieldThrowSpell.cpp">
      <Filter>Source Files</Filter>
    </ClCompile>
    <ClCompile Include="game\spells\Hunter\InfuseArrow.cpp">
      <Filter>Source Files</Filter>
    </ClCompile>
    <ClCompile Include="game\spells\Hunter\ChainHarvest.cpp">
      <Filter>Source Files</Filter>
    </ClCompile>
    <ClCompile Include="game\spells\Hunter\GhostArrow.cpp">
      <Filter>Source Files</Filter>
    </ClCompile>
    <ClCompile Include="game\spells\Mage\FireDash.cpp">
      <Filter>Source Files</Filter>
    </ClCompile>
    <ClCompile Include="game\spells\Mage\IceShield.cpp">
      <Filter>Source Files</Filter>
    </ClCompile>
    <ClCompile Include="game\spells\Mage\IceRoots.cpp">
      <Filter>Source Files</Filter>
    </ClCompile>
    <ClCompile Include="game\spells\Mage\StygianSpike.cpp">
      <Filter>Source Files</Filter>
    </ClCompile>
    <ClCompile Include="game\spells\Mage\SunLance.cpp">
      <Filter>Source Files</Filter>
    </ClCompile>
    <ClCompile Include="game\spells\Mage\SunMarker.cpp">
      <Filter>Source Files</Filter>
    </ClCompile>
    <ClCompile Include="game\spells\Mage\SwitchSpell.cpp">
      <Filter>Source Files</Filter>
    </ClCompile>
    <ClCompile Include="game\spells\Mage\MagicConservation.cpp">
      <Filter>Source Files</Filter>
    </ClCompile>
    <ClCompile Include="..\NetShared\entities\Hunter.cpp">
      <Filter>Source Files</Filter>
    </ClCompile>
    <ClCompile Include="..\NetShared\entities\Mage.cpp">
      <Filter>Source Files</Filter>
    </ClCompile>
    <ClCompile Include="..\NetShared\entities\Warrior.cpp">
      <Filter>Source Files</Filter>
    </ClCompile>
    <ClCompile Include="..\NetShared\entities\Character.cpp">
      <Filter>Source Files</Filter>
    </ClCompile>
    <ClCompile Include="game\spells\Hunter\ReloadQuiver.cpp">
      <Filter>Source Files</Filter>
    </ClCompile>
    <ClCompile Include="main.cpp">
      <Filter>Source Files</Filter>
    </ClCompile>
    <ClCompile Include="..\NetShared\AI\MeleeMob.cpp">
      <Filter>Source Files</Filter>
    </ClCompile>
    <ClCompile Include="..\NetShared\AI\AIBase.cpp">
      <Filter>Source Files</Filter>
    </ClCompile>
    <ClCompile Include="game\spells\Hunter\CraftArrowSpell.cpp">
      <Filter>Source Files</Filter>
    </ClCompile>
    <ClCompile Include="game\spells\AiSpells\MeleeHit.h">
      <Filter>Source Files</Filter>
    </ClCompile>
    <ClCompile Include="game\spells\AiSpells\MeleeHit.cpp">
      <Filter>Source Files</Filter>
    </ClCompile>
    <ClCompile Include="..\NetShared\AI\RangerMob.cpp">
      <Filter>Source Files</Filter>
    </ClCompile>
    <ClCompile Include="game\spells\AiSpells\ArrowShot.cpp">
      <Filter>Source Files</Filter>
    </ClCompile>
    <ClCompile Include="..\NetShared\AI\Companions\CompanionBase.cpp">
      <Filter>Source Files</Filter>
    </ClCompile>
    <ClCompile Include="..\NetShared\AI\Companions\RangerCompanion.cpp">
      <Filter>Source Files</Filter>
    </ClCompile>
    <ClCompile Include="game\spells\AiSpells\comands\SpellCommandMove.cpp">
      <Filter>Source Files</Filter>
    </ClCompile>
    <ClCompile Include="game\spells\AiSpells\comands\SpellCommandDefend.cpp">
      <Filter>Source Files</Filter>
    </ClCompile>
    <ClCompile Include="..\NetShared\AI\Companions\PriestCompanion.cpp">
      <Filter>Source Files</Filter>
    </ClCompile>
    <ClCompile Include="..\NetShared\managers\EffectManager.cpp">
      <Filter>Source Files</Filter>
    </ClCompile>
    <ClCompile Include="..\NetShared\managers\ProgressionManager.cpp">
      <Filter>Source Files</Filter>
    </ClCompile>
    <ClCompile Include="..\NetShared\managers\SquadManager.cpp">
      <Filter>Source Files</Filter>
    </ClCompile>
    <ClCompile Include="..\NetShared\AI\Companions\WarriorCompanion.cpp">
      <Filter>Source Files</Filter>
    </ClCompile>
  </ItemGroup>
  <ItemGroup>
    <ClInclude Include="game\spells\Spell.h">
      <Filter>Header Files</Filter>
    </ClInclude>
    <ClInclude Include="game\spells\Mage\WallSpell.h">
      <Filter>Header Files</Filter>
    </ClInclude>
    <ClInclude Include="game\spells\SpellFactory.h">
      <Filter>Header Files</Filter>
    </ClInclude>
    <ClInclude Include="game\spells\Mage\FireBallSpell.h">
      <Filter>Header Files</Filter>
    </ClInclude>
    <ClInclude Include="GameServer.h">
      <Filter>Header Files</Filter>
    </ClInclude>
    <ClInclude Include="game\spells\SpellManager.h">
      <Filter>Header Files</Filter>
    </ClInclude>
    <ClInclude Include="game\utils\WorldGrid.h">
      <Filter>Header Files</Filter>
    </ClInclude>
    <ClInclude Include="game\spells\Warrior\SmashHit.h">
      <Filter>Header Files</Filter>
    </ClInclude>
    <ClInclude Include="MatchState.hpp">
      <Filter>Header Files</Filter>
    </ClInclude>
    <ClInclude Include="game\spells\Warrior\ShieldSpell.h">
      <Filter>Header Files</Filter>
    </ClInclude>
    <ClInclude Include="game\spells\Hunter\Shoot.h">
      <Filter>Header Files</Filter>
    </ClInclude>
    <ClInclude Include="game\spells\Hunter\StickyBombSpell.h">
      <Filter>Header Files</Filter>
    </ClInclude>
    <ClInclude Include="game\spells\TimedSpell.h">
      <Filter>Header Files</Filter>
    </ClInclude>
    <ClInclude Include="DamageContext.h">
      <Filter>Header Files</Filter>
    </ClInclude>
    <ClInclude Include="game\utils\SpatialCell.h">
      <Filter>Header Files</Filter>
    </ClInclude>
    <ClInclude Include="ReconnectionSession.h">
      <Filter>Header Files</Filter>
    </ClInclude>
    <ClInclude Include="Match.h">
      <Filter>Header Files</Filter>
    </ClInclude>
    <ClInclude Include="game\spells\Mage\TeleportSpell.h">
      <Filter>Header Files</Filter>
    </ClInclude>
    <ClInclude Include="game\spells\Hunter\GrappleSpell.h">
      <Filter>Header Files</Filter>
    </ClInclude>
    <ClInclude Include="game\spells\Warrior\PullHookSpell.h">
      <Filter>Header Files</Filter>
    </ClInclude>
    <ClInclude Include="game\entities\CharacterFactory.h">
      <Filter>Header Files</Filter>
    </ClInclude>
    <ClInclude Include="game\spells\Mage\IceballSpell.h">
      <Filter>Header Files</Filter>
    </ClInclude>
    <ClInclude Include="game\spells\Mage\BlastWave.h">
      <Filter>Header Files</Filter>
    </ClInclude>
    <ClInclude Include="game\spells\Mage\Resonance Crystal.h">
      <Filter>Header Files</Filter>
    </ClInclude>
    <ClInclude Include="game\spells\Hunter\BindArrowSpell.h">
      <Filter>Header Files</Filter>
    </ClInclude>
    <ClInclude Include="game\spells\Warrior\ShieldBurst.h">
      <Filter>Header Files</Filter>
    </ClInclude>
    <ClInclude Include="sqlite3.h">
      <Filter>Header Files</Filter>
    </ClInclude>
    <ClInclude Include="game\spells\Warrior\ShieldThrowSpell.h">
      <Filter>Header Files</Filter>
    </ClInclude>
    <ClInclude Include="game\spells\Hunter\InfuseArrow.h">
      <Filter>Header Files</Filter>
    </ClInclude>
    <ClInclude Include="game\spells\Hunter\ChainHarvest.h">
      <Filter>Header Files</Filter>
    </ClInclude>
    <ClInclude Include="game\spells\Hunter\GhostArrow.h">
      <Filter>Header Files</Filter>
    </ClInclude>
    <ClInclude Include="game\spells\Mage\FireDash.h">
      <Filter>Header Files</Filter>
    </ClInclude>
    <ClInclude Include="game\spells\Mage\IceShield.h">
      <Filter>Header Files</Filter>
    </ClInclude>
    <ClInclude Include="game\spells\Mage\IceRoots.h">
      <Filter>Header Files</Filter>
    </ClInclude>
    <ClInclude Include="game\spells\Mage\StygianSpike.h">
      <Filter>Header Files</Filter>
    </ClInclude>
    <ClInclude Include="game\spells\Mage\SunLance.h">
      <Filter>Header Files</Filter>
    </ClInclude>
    <ClInclude Include="game\spells\Mage\SunMarker.h">
      <Filter>Header Files</Filter>
    </ClInclude>
    <ClInclude Include="game\spells\Mage\SwitchSpell.h">
      <Filter>Header Files</Filter>
    </ClInclude>
    <ClInclude Include="game\spells\Mage\MagicConservation.h">
      <Filter>Header Files</Filter>
    </ClInclude>
    <ClInclude Include="game\spells\Hunter\ReloadQuiver.h">
      <Filter>Header Files</Filter>
    </ClInclude>
    <ClInclude Include="game\spells\Hunter\CraftArrowSpell.h">
      <Filter>Header Files</Filter>
    </ClInclude>
    <ClInclude Include="game\spells\AiSpells\ArrowShot.h">
      <Filter>Header Files</Filter>
    </ClInclude>
    <ClInclude Include="game\spells\AiSpells\comands\SpellCommandMove.h">
      <Filter>Header Files</Filter>
    </ClInclude>
    <ClInclude Include="game\spells\AiSpells\comands\SpellCommandDefend.h">
      <Filter>Header Files</Filter>
    </ClInclude>
  </ItemGroup>
</Project>